{
  "object": {
    "pins": [
      {
        "package": "SwiftKanren",
        "repositoryURL": "https://github.com/damdamo/SwiftKanren.git",
        "state": {
          "branch": "master",
          "revision": "a950b27f2abb698b99a189d0f44ca2878c2dc500",
          "version": null
        }
      }
    ]
  },
  "version": 1
}
